# This file is generated by running "yarn install" inside your project.
# Manual changes might be lost - proceed with caution!

__metadata:
  version: 8
  cacheKey: 10

"@types/cors@npm:^2":
  version: 2.8.17
  resolution: "@types/cors@npm:2.8.17"
  dependencies:
    "@types/node": "npm:*"
  checksum: 10/469bd85e29a35977099a3745c78e489916011169a664e97c4c3d6538143b0a16e4cc72b05b407dc008df3892ed7bf595f9b7c0f1f4680e169565ee9d64966bde
  languageName: node
  linkType: hard

"@types/node@npm:*, @types/node@npm:22.9.0":
  version: 22.9.0
  resolution: "@types/node@npm:22.9.0"
  dependencies:
    undici-types: "npm:~6.19.8"
  checksum: 10/a7df3426891868b0f5fb03e46aeddd8446178233521c624a44531c92a040cf08a82d8235f7e1e02af731fd16984665d4d71f3418caf9c2788313b10f040d615d
  languageName: node
  linkType: hard

"backend@workspace:.":
  version: 0.0.0-use.local
  resolution: "backend@workspace:."
  dependencies:
    "@types/cors": "npm:^2"
    "@types/node": "npm:22.9.0"
    cors: "npm:2.8.5"
    http: "npm:0.0.1-security"
    typescript: "npm:^5.6.3"
    uuid: "npm:11.0.2"
  languageName: unknown
  linkType: soft

"cors@npm:2.8.5":
  version: 2.8.5
  resolution: "cors@npm:2.8.5"
  dependencies:
    object-assign: "npm:^4"
    vary: "npm:^1"
  checksum: 10/66e88e08edee7cbce9d92b4d28a2028c88772a4c73e02f143ed8ca76789f9b59444eed6b1c167139e76fa662998c151322720093ba229f9941365ada5a6fc2c6
  languageName: node
  linkType: hard

"http@npm:0.0.1-security":
  version: 0.0.1-security
  resolution: "http@npm:0.0.1-security"
  checksum: 10/c45a4e2771b5679b479b24150216e0b423d5bf2f94062c91b4b5e5347ed3f18b8c049e220df6e328c34ac5aab0d020600a05a9ea954bc7a7efc04d8dde7aada0
  languageName: node
  linkType: hard

"object-assign@npm:^4":
  version: 4.1.1
  resolution: "object-assign@npm:4.1.1"
  checksum: 10/fcc6e4ea8c7fe48abfbb552578b1c53e0d194086e2e6bbbf59e0a536381a292f39943c6e9628af05b5528aa5e3318bb30d6b2e53cadaf5b8fe9e12c4b69af23f
  languageName: node
  linkType: hard

"typescript@npm:^5.6.3":
  version: 5.6.3
  resolution: "typescript@npm:5.6.3"
  bin:
    tsc: bin/tsc
    tsserver: bin/tsserver
  checksum: 10/c328e418e124b500908781d9f7b9b93cf08b66bf5936d94332b463822eea2f4e62973bfb3b8a745fdc038785cb66cf59d1092bac3ec2ac6a3e5854687f7833f1
  languageName: node
  linkType: hard

"typescript@patch:typescript@npm%3A^5.6.3#optional!builtin<compat/typescript>":
  version: 5.6.3
  resolution: "typescript@patch:typescript@npm%3A5.6.3#optional!builtin<compat/typescript>::version=5.6.3&hash=8c6c40"
  bin:
    tsc: bin/tsc
    tsserver: bin/tsserver
  checksum: 10/00504c01ee42d470c23495426af07512e25e6546bce7e24572e72a9ca2e6b2e9bea63de4286c3cfea644874da1467dcfca23f4f98f7caf20f8b03c0213bb6837
  languageName: node
  linkType: hard

"undici-types@npm:~6.19.8":
  version: 6.19.8
  resolution: "undici-types@npm:6.19.8"
  checksum: 10/cf0b48ed4fc99baf56584afa91aaffa5010c268b8842f62e02f752df209e3dea138b372a60a963b3b2576ed932f32329ce7ddb9cb5f27a6c83040d8cd74b7a70
  languageName: node
  linkType: hard

"uuid@npm:11.0.2":
  version: 11.0.2
  resolution: "uuid@npm:11.0.2"
  bin:
    uuid: dist/esm/bin/uuid
  checksum: 10/b98082f398fa2ece8cacc2264402f739256ca70def4bb82e3a14ec70777d189c01ce1054764c3b59b8fc098b62b135a15d1b24914712904c988822e2ac9b4f44
  languageName: node
  linkType: hard

"vary@npm:^1":
  version: 1.1.2
  resolution: "vary@npm:1.1.2"
  checksum: 10/31389debef15a480849b8331b220782230b9815a8e0dbb7b9a8369559aed2e9a7800cd904d4371ea74f4c3527db456dc8e7ac5befce5f0d289014dbdf47b2242
  languageName: node
  linkType: hard
